
Microsoft Visual Studio Solution File, Format Version 12.00
# Visual Studio Version 17
VisualStudioVersion = 17.14.36202.13 d17.14
MinimumVisualStudioVersion = 10.0.40219.1
Project("{8BC9CEB8-8B4A-11D0-8D11-00A0C91BC942}") = "Patcher", "Patcher\Patcher.vcxproj", "{78BD477A-79BC-465D-B02E-F0D79F272ADA}"
EndProject
Global
	GlobalSection(SolutionConfigurationPlatforms) = preSolution
		Debug|x64 = Debug|x64
		Debug|x86 = Debug|x86
		Release|x64 = Release|x64
		Release|x86 = Release|x86
	EndGlobalSection
	GlobalSection(ProjectConfigurationPlatforms) = postSolution
		{78BD477A-79BC-465D-B02E-F0D79F272ADA}.Debug|x64.ActiveCfg = Debug|x64
		{78BD477A-79BC-465D-B02E-F0D79F272ADA}.Debug|x64.Build.0 = Debug|x64
		{78BD477A-79BC-465D-B02E-F0D79F272ADA}.Debug|x86.ActiveCfg = Debug|Win32
		{78BD477A-79BC-465D-B02E-F0D79F272ADA}.Debug|x86.Build.0 = Debug|Win32
		{78BD477A-79BC-465D-B02E-F0D79F272ADA}.Release|x64.ActiveCfg = Release|x64
		{78BD477A-79BC-465D-B02E-F0D79F272ADA}.Release|x64.Build.0 = Release|x64
		{78BD477A-79BC-465D-B02E-F0D79F272ADA}.Release|x86.ActiveCfg = Release|Win32
		{78BD477A-79BC-465D-B02E-F0D79F272ADA}.Release|x86.Build.0 = Release|Win32
	EndGlobalSection
	GlobalSection(SolutionProperties) = preSolution
		HideSolutionNode = FALSE
	EndGlobalSection
	GlobalSection(ExtensibilityGlobals) = postSolution
		SolutionGuid = {C935764C-F7A5-46E9-9AB6-A60AB5D78996}
	EndGlobalSection
EndGlobal
